// !$*UTF8*$!
{
	archiveVersion = 1;
	classes = {
	};
	objectVersion = 56;
	objects = {

/* Begin PBXBuildFile section */
		A10000000000000000000001 /* MakLockApp.swift in Sources */ = {isa = PBXBuildFile; fileRef = A10000000000000000000011 /* MakLockApp.swift */; };
		A10000000000000000000002 /* Assets.xcassets in Resources */ = {isa = PBXBuildFile; fileRef = A10000000000000000000012 /* Assets.xcassets */; };
		A10000000000000000000F03 /* HotKey in Frameworks */ = {isa = PBXBuildFile; productRef = A10000000000000000000F02 /* HotKey */; };
		A10000000000000000000101 /* Colors.swift in Sources */ = {isa = PBXBuildFile; fileRef = A10000000000000000000111 /* Colors.swift */; };
		A10000000000000000000102 /* Typography.swift in Sources */ = {isa = PBXBuildFile; fileRef = A10000000000000000000112 /* Typography.swift */; };
		A10000000000000000000103 /* Animations.swift in Sources */ = {isa = PBXBuildFile; fileRef = A10000000000000000000113 /* Animations.swift */; };
		A10000000000000000000104 /* BlurView.swift in Sources */ = {isa = PBXBuildFile; fileRef = A10000000000000000000114 /* BlurView.swift */; };
		A10000000000000000000105 /* PrimaryButton.swift in Sources */ = {isa = PBXBuildFile; fileRef = A10000000000000000000115 /* PrimaryButton.swift */; };
		A10000000000000000000106 /* SecondaryButton.swift in Sources */ = {isa = PBXBuildFile; fileRef = A10000000000000000000116 /* SecondaryButton.swift */; };
		A10000000000000000000107 /* AppIconView.swift in Sources */ = {isa = PBXBuildFile; fileRef = A10000000000000000000117 /* AppIconView.swift */; };
		A10000000000000000000201 /* ProtectedApp.swift in Sources */ = {isa = PBXBuildFile; fileRef = A10000000000000000000211 /* ProtectedApp.swift */; };
		A10000000000000000000202 /* AppSettings.swift in Sources */ = {isa = PBXBuildFile; fileRef = A10000000000000000000212 /* AppSettings.swift */; };
		A10000000000000000000203 /* LockSession.swift in Sources */ = {isa = PBXBuildFile; fileRef = A10000000000000000000213 /* LockSession.swift */; };
		A10000000000000000000204 /* AuthMethod.swift in Sources */ = {isa = PBXBuildFile; fileRef = A10000000000000000000214 /* AuthMethod.swift */; };
		A10000000000000000000205 /* Defaults.swift in Sources */ = {isa = PBXBuildFile; fileRef = A10000000000000000000215 /* Defaults.swift */; };
		A10000000000000000000206 /* KeychainManager.swift in Sources */ = {isa = PBXBuildFile; fileRef = A10000000000000000000216 /* KeychainManager.swift */; };
		A10000000000000000000301 /* SafetyManager.swift in Sources */ = {isa = PBXBuildFile; fileRef = A10000000000000000000311 /* SafetyManager.swift */; };
		A10000000000000000000401 /* MenuBarController.swift in Sources */ = {isa = PBXBuildFile; fileRef = A10000000000000000000411 /* MenuBarController.swift */; };
		A10000000000000000000402 /* AppDelegate.swift in Sources */ = {isa = PBXBuildFile; fileRef = A10000000000000000000412 /* AppDelegate.swift */; };
		A10000000000000000000403 /* MenuBarView.swift in Sources */ = {isa = PBXBuildFile; fileRef = A10000000000000000000413 /* MenuBarView.swift */; };
		A10000000000000000000501 /* SettingsWindow.swift in Sources */ = {isa = PBXBuildFile; fileRef = A10000000000000000000511 /* SettingsWindow.swift */; };
		A10000000000000000000502 /* SettingsView.swift in Sources */ = {isa = PBXBuildFile; fileRef = A10000000000000000000512 /* SettingsView.swift */; };
		A10000000000000000000503 /* GeneralSettingsView.swift in Sources */ = {isa = PBXBuildFile; fileRef = A10000000000000000000513 /* GeneralSettingsView.swift */; };
		A10000000000000000000504 /* AppsSettingsView.swift in Sources */ = {isa = PBXBuildFile; fileRef = A10000000000000000000514 /* AppsSettingsView.swift */; };
		A10000000000000000000505 /* SecuritySettingsView.swift in Sources */ = {isa = PBXBuildFile; fileRef = A10000000000000000000515 /* SecuritySettingsView.swift */; };
		A10000000000000000000506 /* WatchSettingsView.swift in Sources */ = {isa = PBXBuildFile; fileRef = A10000000000000000000516 /* WatchSettingsView.swift */; };
		A10000000000000000000601 /* AppMonitorService.swift in Sources */ = {isa = PBXBuildFile; fileRef = A10000000000000000000611 /* AppMonitorService.swift */; };
		A10000000000000000000602 /* ProtectedAppsManager.swift in Sources */ = {isa = PBXBuildFile; fileRef = A10000000000000000000612 /* ProtectedAppsManager.swift */; };
/* End PBXBuildFile section */

/* Begin PBXFileReference section */
		A10000000000000000000010 /* MakLock.app */ = {isa = PBXFileReference; explicitFileType = wrapper.application; includeInIndex = 0; path = MakLock.app; sourceTree = BUILT_PRODUCTS_DIR; };
		A10000000000000000000011 /* MakLockApp.swift */ = {isa = PBXFileReference; lastKnownFileType = sourcecode.swift; path = MakLockApp.swift; sourceTree = "<group>"; };
		A10000000000000000000012 /* Assets.xcassets */ = {isa = PBXFileReference; lastKnownFileType = folder.assetcatalog; path = Assets.xcassets; sourceTree = "<group>"; };
		A10000000000000000000013 /* Info.plist */ = {isa = PBXFileReference; lastKnownFileType = text.plist.xml; path = Info.plist; sourceTree = "<group>"; };
		A10000000000000000000014 /* MakLock.entitlements */ = {isa = PBXFileReference; lastKnownFileType = text.plist.entitlements; path = MakLock.entitlements; sourceTree = "<group>"; };
		A10000000000000000000111 /* Colors.swift */ = {isa = PBXFileReference; lastKnownFileType = sourcecode.swift; path = Colors.swift; sourceTree = "<group>"; };
		A10000000000000000000112 /* Typography.swift */ = {isa = PBXFileReference; lastKnownFileType = sourcecode.swift; path = Typography.swift; sourceTree = "<group>"; };
		A10000000000000000000113 /* Animations.swift */ = {isa = PBXFileReference; lastKnownFileType = sourcecode.swift; path = Animations.swift; sourceTree = "<group>"; };
		A10000000000000000000114 /* BlurView.swift */ = {isa = PBXFileReference; lastKnownFileType = sourcecode.swift; path = BlurView.swift; sourceTree = "<group>"; };
		A10000000000000000000115 /* PrimaryButton.swift */ = {isa = PBXFileReference; lastKnownFileType = sourcecode.swift; path = PrimaryButton.swift; sourceTree = "<group>"; };
		A10000000000000000000116 /* SecondaryButton.swift */ = {isa = PBXFileReference; lastKnownFileType = sourcecode.swift; path = SecondaryButton.swift; sourceTree = "<group>"; };
		A10000000000000000000117 /* AppIconView.swift */ = {isa = PBXFileReference; lastKnownFileType = sourcecode.swift; path = AppIconView.swift; sourceTree = "<group>"; };
		A10000000000000000000211 /* ProtectedApp.swift */ = {isa = PBXFileReference; lastKnownFileType = sourcecode.swift; path = ProtectedApp.swift; sourceTree = "<group>"; };
		A10000000000000000000212 /* AppSettings.swift */ = {isa = PBXFileReference; lastKnownFileType = sourcecode.swift; path = AppSettings.swift; sourceTree = "<group>"; };
		A10000000000000000000213 /* LockSession.swift */ = {isa = PBXFileReference; lastKnownFileType = sourcecode.swift; path = LockSession.swift; sourceTree = "<group>"; };
		A10000000000000000000214 /* AuthMethod.swift */ = {isa = PBXFileReference; lastKnownFileType = sourcecode.swift; path = AuthMethod.swift; sourceTree = "<group>"; };
		A10000000000000000000215 /* Defaults.swift */ = {isa = PBXFileReference; lastKnownFileType = sourcecode.swift; path = Defaults.swift; sourceTree = "<group>"; };
		A10000000000000000000216 /* KeychainManager.swift */ = {isa = PBXFileReference; lastKnownFileType = sourcecode.swift; path = KeychainManager.swift; sourceTree = "<group>"; };
		A10000000000000000000311 /* SafetyManager.swift */ = {isa = PBXFileReference; lastKnownFileType = sourcecode.swift; path = SafetyManager.swift; sourceTree = "<group>"; };
		A10000000000000000000411 /* MenuBarController.swift */ = {isa = PBXFileReference; lastKnownFileType = sourcecode.swift; path = MenuBarController.swift; sourceTree = "<group>"; };
		A10000000000000000000412 /* AppDelegate.swift */ = {isa = PBXFileReference; lastKnownFileType = sourcecode.swift; path = AppDelegate.swift; sourceTree = "<group>"; };
		A10000000000000000000413 /* MenuBarView.swift */ = {isa = PBXFileReference; lastKnownFileType = sourcecode.swift; path = MenuBarView.swift; sourceTree = "<group>"; };
		A10000000000000000000511 /* SettingsWindow.swift */ = {isa = PBXFileReference; lastKnownFileType = sourcecode.swift; path = SettingsWindow.swift; sourceTree = "<group>"; };
		A10000000000000000000512 /* SettingsView.swift */ = {isa = PBXFileReference; lastKnownFileType = sourcecode.swift; path = SettingsView.swift; sourceTree = "<group>"; };
		A10000000000000000000513 /* GeneralSettingsView.swift */ = {isa = PBXFileReference; lastKnownFileType = sourcecode.swift; path = GeneralSettingsView.swift; sourceTree = "<group>"; };
		A10000000000000000000514 /* AppsSettingsView.swift */ = {isa = PBXFileReference; lastKnownFileType = sourcecode.swift; path = AppsSettingsView.swift; sourceTree = "<group>"; };
		A10000000000000000000515 /* SecuritySettingsView.swift */ = {isa = PBXFileReference; lastKnownFileType = sourcecode.swift; path = SecuritySettingsView.swift; sourceTree = "<group>"; };
		A10000000000000000000516 /* WatchSettingsView.swift */ = {isa = PBXFileReference; lastKnownFileType = sourcecode.swift; path = WatchSettingsView.swift; sourceTree = "<group>"; };
		A10000000000000000000611 /* AppMonitorService.swift */ = {isa = PBXFileReference; lastKnownFileType = sourcecode.swift; path = AppMonitorService.swift; sourceTree = "<group>"; };
		A10000000000000000000612 /* ProtectedAppsManager.swift */ = {isa = PBXFileReference; lastKnownFileType = sourcecode.swift; path = ProtectedAppsManager.swift; sourceTree = "<group>"; };
/* End PBXFileReference section */

/* Begin PBXFrameworksBuildPhase section */
		A10000000000000000000020 /* Frameworks */ = {
			isa = PBXFrameworksBuildPhase;
			buildActionMask = 2147483647;
			files = (
				A10000000000000000000F03 /* HotKey in Frameworks */,
			);
			runOnlyForDeploymentPostprocessing = 0;
		};
/* End PBXFrameworksBuildPhase section */

/* Begin PBXGroup section */
		A10000000000000000000030 = {
			isa = PBXGroup;
			children = (
				A10000000000000000000031 /* MakLock */,
				A10000000000000000000034 /* Products */,
			);
			sourceTree = "<group>";
		};
		A10000000000000000000031 /* MakLock */ = {
			isa = PBXGroup;
			children = (
				A10000000000000000000032 /* App */,
				A100000000000000000000C0 /* Core */,
				A100000000000000000000D0 /* UI */,
				A100000000000000000000E0 /* Models */,
				A10000000000000000000033 /* Resources */,
			);
			path = MakLock;
			sourceTree = "<group>";
		};
		A10000000000000000000032 /* App */ = {
			isa = PBXGroup;
			children = (
				A10000000000000000000011 /* MakLockApp.swift */,
				A10000000000000000000412 /* AppDelegate.swift */,
			);
			path = App;
			sourceTree = "<group>";
		};
		A100000000000000000000C0 /* Core */ = {
			isa = PBXGroup;
			children = (
				A100000000000000000000C1 /* Services */,
				A100000000000000000000C2 /* Managers */,
				A100000000000000000000C3 /* Storage */,
			);
			path = Core;
			sourceTree = "<group>";
		};
		A100000000000000000000C1 /* Services */ = {
			isa = PBXGroup;
			children = (
				A10000000000000000000611 /* AppMonitorService.swift */,
			);
			path = Services;
			sourceTree = "<group>";
		};
		A100000000000000000000C2 /* Managers */ = {
			isa = PBXGroup;
			children = (
				A10000000000000000000311 /* SafetyManager.swift */,
				A10000000000000000000612 /* ProtectedAppsManager.swift */,
			);
			path = Managers;
			sourceTree = "<group>";
		};
		A100000000000000000000C3 /* Storage */ = {
			isa = PBXGroup;
			children = (
				A10000000000000000000215 /* Defaults.swift */,
				A10000000000000000000216 /* KeychainManager.swift */,
			);
			path = Storage;
			sourceTree = "<group>";
		};
		A100000000000000000000D0 /* UI */ = {
			isa = PBXGroup;
			children = (
				A100000000000000000000D1 /* Design */,
				A100000000000000000000D2 /* Components */,
				A100000000000000000000D3 /* MenuBar */,
				A100000000000000000000D4 /* Settings */,
				A100000000000000000000D5 /* LockOverlay */,
				A100000000000000000000D6 /* AppPicker */,
			);
			path = UI;
			sourceTree = "<group>";
		};
		A100000000000000000000D1 /* Design */ = {
			isa = PBXGroup;
			children = (
				A10000000000000000000111 /* Colors.swift */,
				A10000000000000000000112 /* Typography.swift */,
				A10000000000000000000113 /* Animations.swift */,
			);
			path = Design;
			sourceTree = "<group>";
		};
		A100000000000000000000D2 /* Components */ = {
			isa = PBXGroup;
			children = (
				A10000000000000000000114 /* BlurView.swift */,
				A10000000000000000000115 /* PrimaryButton.swift */,
				A10000000000000000000116 /* SecondaryButton.swift */,
				A10000000000000000000117 /* AppIconView.swift */,
			);
			path = Components;
			sourceTree = "<group>";
		};
		A100000000000000000000D3 /* MenuBar */ = {
			isa = PBXGroup;
			children = (
				A10000000000000000000411 /* MenuBarController.swift */,
				A10000000000000000000413 /* MenuBarView.swift */,
			);
			path = MenuBar;
			sourceTree = "<group>";
		};
		A100000000000000000000D4 /* Settings */ = {
			isa = PBXGroup;
			children = (
				A10000000000000000000511 /* SettingsWindow.swift */,
				A10000000000000000000512 /* SettingsView.swift */,
				A10000000000000000000513 /* GeneralSettingsView.swift */,
				A10000000000000000000514 /* AppsSettingsView.swift */,
				A10000000000000000000515 /* SecuritySettingsView.swift */,
				A10000000000000000000516 /* WatchSettingsView.swift */,
			);
			path = Settings;
			sourceTree = "<group>";
		};
		A100000000000000000000D5 /* LockOverlay */ = {
			isa = PBXGroup;
			children = (
			);
			path = LockOverlay;
			sourceTree = "<group>";
		};
		A100000000000000000000D6 /* AppPicker */ = {
			isa = PBXGroup;
			children = (
			);
			path = AppPicker;
			sourceTree = "<group>";
		};
		A100000000000000000000E0 /* Models */ = {
			isa = PBXGroup;
			children = (
				A10000000000000000000211 /* ProtectedApp.swift */,
				A10000000000000000000212 /* AppSettings.swift */,
				A10000000000000000000213 /* LockSession.swift */,
				A10000000000000000000214 /* AuthMethod.swift */,
			);
			path = Models;
			sourceTree = "<group>";
		};
		A10000000000000000000033 /* Resources */ = {
			isa = PBXGroup;
			children = (
				A10000000000000000000012 /* Assets.xcassets */,
				A10000000000000000000013 /* Info.plist */,
				A10000000000000000000014 /* MakLock.entitlements */,
			);
			path = Resources;
			sourceTree = "<group>";
		};
		A10000000000000000000034 /* Products */ = {
			isa = PBXGroup;
			children = (
				A10000000000000000000010 /* MakLock.app */,
			);
			name = Products;
			sourceTree = "<group>";
		};
/* End PBXGroup section */

/* Begin PBXNativeTarget section */
		A10000000000000000000040 /* MakLock */ = {
			isa = PBXNativeTarget;
			buildConfigurationList = A10000000000000000000063 /* Build configuration list for PBXNativeTarget "MakLock" */;
			buildPhases = (
				A10000000000000000000050 /* Sources */,
				A10000000000000000000020 /* Frameworks */,
				A10000000000000000000051 /* Resources */,
			);
			buildRules = (
			);
			dependencies = (
			);
			name = MakLock;
			packageProductDependencies = (
				A10000000000000000000F02 /* HotKey */,
			);
			productName = MakLock;
			productReference = A10000000000000000000010 /* MakLock.app */;
			productType = "com.apple.product-type.application";
		};
/* End PBXNativeTarget section */

/* Begin PBXProject section */
		A10000000000000000000041 /* Project object */ = {
			isa = PBXProject;
			attributes = {
				BuildIndependentTargetsInParallel = 1;
				LastSwiftUpdateCheck = 1500;
				LastUpgradeCheck = 1500;
				TargetAttributes = {
					A10000000000000000000040 = {
						CreatedOnToolsVersion = 15.0;
					};
				};
			};
			buildConfigurationList = A10000000000000000000060 /* Build configuration list for PBXProject "MakLock" */;
			compatibilityVersion = "Xcode 14.0";
			developmentRegion = en;
			hasScannedForEncodings = 0;
			knownRegions = (
				en,
				Base,
			);
			mainGroup = A10000000000000000000030;
			productRefGroup = A10000000000000000000034 /* Products */;
			projectDirPath = "";
			projectRoot = "";
			packageReferences = (
				A10000000000000000000F01 /* XCRemoteSwiftPackageReference "HotKey" */,
			);
			targets = (
				A10000000000000000000040 /* MakLock */,
			);
		};
/* End PBXProject section */

/* Begin PBXResourcesBuildPhase section */
		A10000000000000000000051 /* Resources */ = {
			isa = PBXResourcesBuildPhase;
			buildActionMask = 2147483647;
			files = (
				A10000000000000000000002 /* Assets.xcassets in Resources */,
			);
			runOnlyForDeploymentPostprocessing = 0;
		};
/* End PBXResourcesBuildPhase section */

/* Begin PBXSourcesBuildPhase section */
		A10000000000000000000050 /* Sources */ = {
			isa = PBXSourcesBuildPhase;
			buildActionMask = 2147483647;
			files = (
				A10000000000000000000001 /* MakLockApp.swift in Sources */,
				A10000000000000000000101 /* Colors.swift in Sources */,
				A10000000000000000000102 /* Typography.swift in Sources */,
				A10000000000000000000103 /* Animations.swift in Sources */,
				A10000000000000000000104 /* BlurView.swift in Sources */,
				A10000000000000000000105 /* PrimaryButton.swift in Sources */,
				A10000000000000000000106 /* SecondaryButton.swift in Sources */,
				A10000000000000000000107 /* AppIconView.swift in Sources */,
				A10000000000000000000201 /* ProtectedApp.swift in Sources */,
				A10000000000000000000202 /* AppSettings.swift in Sources */,
				A10000000000000000000203 /* LockSession.swift in Sources */,
				A10000000000000000000204 /* AuthMethod.swift in Sources */,
				A10000000000000000000205 /* Defaults.swift in Sources */,
				A10000000000000000000206 /* KeychainManager.swift in Sources */,
				A10000000000000000000301 /* SafetyManager.swift in Sources */,
				A10000000000000000000401 /* MenuBarController.swift in Sources */,
				A10000000000000000000402 /* AppDelegate.swift in Sources */,
				A10000000000000000000403 /* MenuBarView.swift in Sources */,
				A10000000000000000000501 /* SettingsWindow.swift in Sources */,
				A10000000000000000000502 /* SettingsView.swift in Sources */,
				A10000000000000000000503 /* GeneralSettingsView.swift in Sources */,
				A10000000000000000000504 /* AppsSettingsView.swift in Sources */,
				A10000000000000000000505 /* SecuritySettingsView.swift in Sources */,
				A10000000000000000000506 /* WatchSettingsView.swift in Sources */,
				A10000000000000000000601 /* AppMonitorService.swift in Sources */,
				A10000000000000000000602 /* ProtectedAppsManager.swift in Sources */,
			);
			runOnlyForDeploymentPostprocessing = 0;
		};
/* End PBXSourcesBuildPhase section */

/* Begin XCBuildConfiguration section */
		A10000000000000000000061 /* Debug */ = {
			isa = XCBuildConfiguration;
			buildSettings = {
				ALWAYS_SEARCH_USER_PATHS = NO;
				ASSETCATALOG_COMPILER_GENERATE_SWIFT_ASSET_SYMBOL_EXTENSIONS = YES;
				CLANG_ANALYZER_NONNULL = YES;
				CLANG_ANALYZER_NUMBER_OBJECT_CONVERSION = YES_AGGRESSIVE;
				CLANG_CXX_LANGUAGE_STANDARD = "gnu++20";
				CLANG_ENABLE_MODULES = YES;
				CLANG_ENABLE_OBJC_ARC = YES;
				CLANG_ENABLE_OBJC_WEAK = YES;
				CLANG_WARN_BLOCK_CAPTURE_AUTORELEASING = YES;
				CLANG_WARN_BOOL_CONVERSION = YES;
				CLANG_WARN_COMMA = YES;
				CLANG_WARN_CONSTANT_CONVERSION = YES;
				CLANG_WARN_DEPRECATED_OBJC_IMPLEMENTATIONS = YES;
				CLANG_WARN_DIRECT_OBJC_ISA_USAGE = YES_ERROR;
				CLANG_WARN_DOCUMENTATION_COMMENTS = YES;
				CLANG_WARN_EMPTY_BODY = YES;
				CLANG_WARN_ENUM_CONVERSION = YES;
				CLANG_WARN_INFINITE_RECURSION = YES;
				CLANG_WARN_INT_CONVERSION = YES;
				CLANG_WARN_NON_LITERAL_NULL_CONVERSION = YES;
				CLANG_WARN_OBJC_IMPLICIT_RETAIN_SELF = YES;
				CLANG_WARN_OBJC_LITERAL_CONVERSION = YES;
				CLANG_WARN_OBJC_ROOT_CLASS = YES_ERROR;
				CLANG_WARN_QUOTED_INCLUDE_IN_FRAMEWORK_HEADER = YES;
				CLANG_WARN_RANGE_LOOP_ANALYSIS = YES;
				CLANG_WARN_STRICT_PROTOTYPES = YES;
				CLANG_WARN_SUSPICIOUS_MOVE = YES;
				CLANG_WARN_UNGUARDED_AVAILABILITY = YES_AGGRESSIVE;
				CLANG_WARN_UNREACHABLE_CODE = YES;
				CLANG_WARN__DUPLICATE_METHOD_MATCH = YES;
				COPY_PHASE_STRIP = NO;
				DEBUG_INFORMATION_FORMAT = dwarf;
				ENABLE_STRICT_OBJC_MSGSEND = YES;
				ENABLE_TESTABILITY = YES;
				ENABLE_USER_SCRIPT_SANDBOXING = YES;
				GCC_C_LANGUAGE_STANDARD = gnu17;
				GCC_DYNAMIC_NO_PIC = NO;
				GCC_NO_COMMON_BLOCKS = YES;
				GCC_OPTIMIZATION_LEVEL = 0;
				GCC_PREPROCESSOR_DEFINITIONS = (
					"DEBUG=1",
					"$(inherited)",
				);
				GCC_WARN_64_TO_32_BIT_CONVERSION = YES;
				GCC_WARN_ABOUT_RETURN_TYPE = YES_ERROR;
				GCC_WARN_UNDECLARED_SELECTOR = YES;
				GCC_WARN_UNINITIALIZED_AUTOS = YES_AGGRESSIVE;
				GCC_WARN_UNUSED_FUNCTION = YES;
				GCC_WARN_UNUSED_VARIABLE = YES;
				MACOSX_DEPLOYMENT_TARGET = 13.0;
				MTL_ENABLE_DEBUG_INFO = INCLUDE_SOURCE;
				MTL_FAST_MATH = YES;
				ONLY_ACTIVE_ARCH = YES;
				SDKROOT = macosx;
				SWIFT_ACTIVE_COMPILATION_CONDITIONS = "DEBUG $(inherited)";
				SWIFT_OPTIMIZATION_LEVEL = "-Onone";
			};
			name = Debug;
		};
		A10000000000000000000062 /* Release */ = {
			isa = XCBuildConfiguration;
			buildSettings = {
				ALWAYS_SEARCH_USER_PATHS = NO;
				ASSETCATALOG_COMPILER_GENERATE_SWIFT_ASSET_SYMBOL_EXTENSIONS = YES;
				CLANG_ANALYZER_NONNULL = YES;
				CLANG_ANALYZER_NUMBER_OBJECT_CONVERSION = YES_AGGRESSIVE;
				CLANG_CXX_LANGUAGE_STANDARD = "gnu++20";
				CLANG_ENABLE_MODULES = YES;
				CLANG_ENABLE_OBJC_ARC = YES;
				CLANG_ENABLE_OBJC_WEAK = YES;
				CLANG_WARN_BLOCK_CAPTURE_AUTORELEASING = YES;
				CLANG_WARN_BOOL_CONVERSION = YES;
				CLANG_WARN_COMMA = YES;
				CLANG_WARN_CONSTANT_CONVERSION = YES;
				CLANG_WARN_DEPRECATED_OBJC_IMPLEMENTATIONS = YES;
				CLANG_WARN_DIRECT_OBJC_ISA_USAGE = YES_ERROR;
				CLANG_WARN_DOCUMENTATION_COMMENTS = YES;
				CLANG_WARN_EMPTY_BODY = YES;
				CLANG_WARN_ENUM_CONVERSION = YES;
				CLANG_WARN_INFINITE_RECURSION = YES;
				CLANG_WARN_INT_CONVERSION = YES;
				CLANG_WARN_NON_LITERAL_NULL_CONVERSION = YES;
				CLANG_WARN_OBJC_IMPLICIT_RETAIN_SELF = YES;
				CLANG_WARN_OBJC_LITERAL_CONVERSION = YES;
				CLANG_WARN_OBJC_ROOT_CLASS = YES_ERROR;
				CLANG_WARN_QUOTED_INCLUDE_IN_FRAMEWORK_HEADER = YES;
				CLANG_WARN_RANGE_LOOP_ANALYSIS = YES;
				CLANG_WARN_STRICT_PROTOTYPES = YES;
				CLANG_WARN_SUSPICIOUS_MOVE = YES;
				CLANG_WARN_UNGUARDED_AVAILABILITY = YES_AGGRESSIVE;
				CLANG_WARN_UNREACHABLE_CODE = YES;
				CLANG_WARN__DUPLICATE_METHOD_MATCH = YES;
				COPY_PHASE_STRIP = NO;
				DEBUG_INFORMATION_FORMAT = "dwarf-with-dsym";
				ENABLE_NS_ASSERTIONS = NO;
				ENABLE_STRICT_OBJC_MSGSEND = YES;
				ENABLE_USER_SCRIPT_SANDBOXING = YES;
				GCC_C_LANGUAGE_STANDARD = gnu17;
				GCC_NO_COMMON_BLOCKS = YES;
				GCC_WARN_64_TO_32_BIT_CONVERSION = YES;
				GCC_WARN_ABOUT_RETURN_TYPE = YES_ERROR;
				GCC_WARN_UNDECLARED_SELECTOR = YES;
				GCC_WARN_UNINITIALIZED_AUTOS = YES_AGGRESSIVE;
				GCC_WARN_UNUSED_FUNCTION = YES;
				GCC_WARN_UNUSED_VARIABLE = YES;
				MACOSX_DEPLOYMENT_TARGET = 13.0;
				MTL_ENABLE_DEBUG_INFO = NO;
				MTL_FAST_MATH = YES;
				SDKROOT = macosx;
				SWIFT_COMPILATION_MODE = wholemodule;
			};
			name = Release;
		};
		A10000000000000000000064 /* Debug */ = {
			isa = XCBuildConfiguration;
			buildSettings = {
				ASSETCATALOG_COMPILER_APPICON_NAME = AppIcon;
				ASSETCATALOG_COMPILER_GLOBAL_ACCENT_COLOR_NAME = AccentColor;
				CODE_SIGN_ENTITLEMENTS = MakLock/Resources/MakLock.entitlements;
				CODE_SIGN_STYLE = Automatic;
				COMBINE_HIDPI_IMAGES = YES;
				CURRENT_PROJECT_VERSION = 1;
				GENERATE_INFOPLIST_FILE = YES;
				INFOPLIST_FILE = MakLock/Resources/Info.plist;
				INFOPLIST_KEY_NSHumanReadableCopyright = "Copyright 2026 MakMak. All rights reserved.";
				INFOPLIST_KEY_NSPrincipalClass = NSApplication;
				LD_RUNPATH_SEARCH_PATHS = (
					"$(inherited)",
					"@executable_path/../Frameworks",
				);
				MARKETING_VERSION = 1.0;
				PRODUCT_BUNDLE_IDENTIFIER = com.makmak.MakLock;
				PRODUCT_NAME = "$(TARGET_NAME)";
				SUPPORTS_MACCATALYST = NO;
				SWIFT_EMIT_LOC_STRINGS = YES;
				SWIFT_VERSION = 5.0;
			};
			name = Debug;
		};
		A10000000000000000000065 /* Release */ = {
			isa = XCBuildConfiguration;
			buildSettings = {
				ASSETCATALOG_COMPILER_APPICON_NAME = AppIcon;
				ASSETCATALOG_COMPILER_GLOBAL_ACCENT_COLOR_NAME = AccentColor;
				CODE_SIGN_ENTITLEMENTS = MakLock/Resources/MakLock.entitlements;
				CODE_SIGN_STYLE = Automatic;
				COMBINE_HIDPI_IMAGES = YES;
				CURRENT_PROJECT_VERSION = 1;
				GENERATE_INFOPLIST_FILE = YES;
				INFOPLIST_FILE = MakLock/Resources/Info.plist;
				INFOPLIST_KEY_NSHumanReadableCopyright = "Copyright 2026 MakMak. All rights reserved.";
				INFOPLIST_KEY_NSPrincipalClass = NSApplication;
				LD_RUNPATH_SEARCH_PATHS = (
					"$(inherited)",
					"@executable_path/../Frameworks",
				);
				MARKETING_VERSION = 1.0;
				PRODUCT_BUNDLE_IDENTIFIER = com.makmak.MakLock;
				PRODUCT_NAME = "$(TARGET_NAME)";
				SUPPORTS_MACCATALYST = NO;
				SWIFT_EMIT_LOC_STRINGS = YES;
				SWIFT_VERSION = 5.0;
			};
			name = Release;
		};
/* End XCBuildConfiguration section */

/* Begin XCConfigurationList section */
		A10000000000000000000060 /* Build configuration list for PBXProject "MakLock" */ = {
			isa = XCConfigurationList;
			buildConfigurations = (
				A10000000000000000000061 /* Debug */,
				A10000000000000000000062 /* Release */,
			);
			defaultConfigurationIsVisible = 0;
			defaultConfigurationName = Release;
		};
		A10000000000000000000063 /* Build configuration list for PBXNativeTarget "MakLock" */ = {
			isa = XCConfigurationList;
			buildConfigurations = (
				A10000000000000000000064 /* Debug */,
				A10000000000000000000065 /* Release */,
			);
			defaultConfigurationIsVisible = 0;
			defaultConfigurationName = Release;
		};
/* End XCConfigurationList section */

/* Begin XCRemoteSwiftPackageReference section */
		A10000000000000000000F01 /* XCRemoteSwiftPackageReference "HotKey" */ = {
			isa = XCRemoteSwiftPackageReference;
			repositoryURL = "https://github.com/soffes/HotKey";
			requirement = {
				kind = upToNextMajorVersion;
				minimumVersion = 0.2.1;
			};
		};
/* End XCRemoteSwiftPackageReference section */

/* Begin XCSwiftPackageProductDependency section */
		A10000000000000000000F02 /* HotKey */ = {
			isa = XCSwiftPackageProductDependency;
			package = A10000000000000000000F01 /* XCRemoteSwiftPackageReference "HotKey" */;
			productName = HotKey;
		};
/* End XCSwiftPackageProductDependency section */

	};
	rootObject = A10000000000000000000041 /* Project object */;
}
